{
  "nodes": {
    "netboot": {
      "inputs": {
        "nixpkgs": [
          "nixpkgs"
        ]
      },
      "locked": {
        "lastModified": 1717615379,
        "narHash": "sha256-ydbPQNZAgmDtF4up6GA/Nc2arpQB6dNFD84ac8Ao/bI=",
        "owner": "theverygaming",
        "repo": "nixos-netboot-flake",
        "rev": "7e6d1284aa39f5d580fec569d44e27463b4c9d02",
        "type": "github"
      },
      "original": {
        "owner": "theverygaming",
        "repo": "nixos-netboot-flake",
        "type": "github"
      }
    },
    "nixpkgs": {
      "locked": {
        "lastModified": 1717196966,
        "narHash": "sha256-yZKhxVIKd2lsbOqYd5iDoUIwsRZFqE87smE2Vzf6Ck0=",
        "owner": "NixOS",
        "repo": "nixpkgs",
        "rev": "57610d2f8f0937f39dbd72251e9614b1561942d8",
        "type": "github"
      },
      "original": {
        "owner": "NixOS",
        "ref": "nixos-unstable",
        "repo": "nixpkgs",
        "type": "github"
      }
    },
    "root": {
      "inputs": {
        "netboot": "netboot",
        "nixpkgs": "nixpkgs"
      }
    }
  },
  "root": "root",
  "version": 7
}
