{
  "nodes": {
    "netboot": {
      "inputs": {
        "nixpkgs": [
          "nixpkgs"
        ]
      },
      "locked": {
        "lastModified": 1717615379,
        "narHash": "sha256-ydbPQNZAgmDtF4up6GA/Nc2arpQB6dNFD84ac8Ao/bI=",
        "owner": "theverygaming",
        "repo": "nixos-netboot-flake",
        "rev": "7e6d1284aa39f5d580fec569d44e27463b4c9d02",
        "type": "github"
      },
      "original": {
        "owner": "theverygaming",
        "repo": "nixos-netboot-flake",
        "type": "github"
      }
    },
    "nixpkgs": {
      "locked": {
        "lastModified": 1721674248,
        "narHash": "sha256-6aPMt8uUj/MlzyKBdLeXAWJlM4gdvJ5fu2N3PEmqPj4=",
        "owner": "NixOS",
        "repo": "nixpkgs",
        "rev": "d5b23b1e24a9860f65973c5757e10af291a7b691",
        "type": "github"
      },
      "original": {
        "owner": "NixOS",
        "repo": "nixpkgs",
        "rev": "d5b23b1e24a9860f65973c5757e10af291a7b691",
        "type": "github"
      }
    },
    "root": {
      "inputs": {
        "netboot": "netboot",
        "nixpkgs": "nixpkgs"
      }
    }
  },
  "root": "root",
  "version": 7
}
