{
  "nodes": {
    "netboot": {
      "inputs": {
        "nixpkgs": [
          "nixpkgs"
        ]
      },
      "locked": {
        "lastModified": 1729945212,
        "narHash": "sha256-M7Cvtgxk9x3LyX0QxHPQDF7wF3rYtXsPRpiMtnql1dk=",
        "owner": "theverygaming",
        "repo": "nixos-netboot-flake",
        "rev": "5b2971a606508b8158f67b965dc45438aa07f357",
        "type": "github"
      },
      "original": {
        "owner": "theverygaming",
        "repo": "nixos-netboot-flake",
        "type": "github"
      }
    },
    "nixpkgs": {
      "locked": {
        "lastModified": 1730200266,
        "narHash": "sha256-l253w0XMT8nWHGXuXqyiIC/bMvh1VRszGXgdpQlfhvU=",
        "owner": "NixOS",
        "repo": "nixpkgs",
        "rev": "807e9154dcb16384b1b765ebe9cd2bba2ac287fd",
        "type": "github"
      },
      "original": {
        "owner": "NixOS",
        "ref": "nixos-unstable",
        "repo": "nixpkgs",
        "type": "github"
      }
    },
    "root": {
      "inputs": {
        "netboot": "netboot",
        "nixpkgs": "nixpkgs"
      }
    }
  },
  "root": "root",
  "version": 7
}
